
Microsoft Visual Studio Solution File, Format Version 12.00
# Visual Studio Version 16
VisualStudioVersion = 16.0.32407.337
MinimumVisualStudioVersion = 10.0.40219.1
Project("{9A19103F-16F7-4668-BE54-9A1E7A4F7556}") = "MyGame1", "MyGame1.csproj", "{919265DA-4622-4BD5-8771-A598A4984D8A}"
EndProject
Global
	GlobalSection(SolutionConfigurationPlatforms) = preSolution
		Debug|Any CPU = Debug|Any CPU
		Release|Any CPU = Release|Any CPU
	EndGlobalSection
	GlobalSection(ProjectConfigurationPlatforms) = postSolution
		{919265DA-4622-4BD5-8771-A598A4984D8A}.Debug|Any CPU.ActiveCfg = Debug|Any CPU
		{919265DA-4622-4BD5-8771-A598A4984D8A}.Debug|Any CPU.Build.0 = Debug|Any CPU
		{919265DA-4622-4BD5-8771-A598A4984D8A}.Release|Any CPU.ActiveCfg = Release|Any CPU
		{919265DA-4622-4BD5-8771-A598A4984D8A}.Release|Any CPU.Build.0 = Release|Any CPU
	EndGlobalSection
	GlobalSection(SolutionProperties) = preSolution
		HideSolutionNode = FALSE
	EndGlobalSection
	GlobalSection(ExtensibilityGlobals) = postSolution
		SolutionGuid = {A5F9399C-A640-4AB8-B86D-43999BE58EE7}
	EndGlobalSection
EndGlobal
